
Microsoft Visual Studio Solution File, Format Version 12.00
# Visual Studio Version 17
VisualStudioVersion = 17.6.33717.318
MinimumVisualStudioVersion = 10.0.40219.1
Project("{F184B08F-C81C-45F6-A57F-5ABD9991F28F}") = "UNIVERSITY BOOK STORE", "UNIVERSITY BOOK STORE.vbproj", "{77AD6A27-E5FE-466D-BD5D-7E14B8BD8899}"
EndProject
Global
	GlobalSection(SolutionConfigurationPlatforms) = preSolution
		Debug|Any CPU = Debug|Any CPU
		Release|Any CPU = Release|Any CPU
	EndGlobalSection
	GlobalSection(ProjectConfigurationPlatforms) = postSolution
		{77AD6A27-E5FE-466D-BD5D-7E14B8BD8899}.Debug|Any CPU.ActiveCfg = Debug|Any CPU
		{77AD6A27-E5FE-466D-BD5D-7E14B8BD8899}.Debug|Any CPU.Build.0 = Debug|Any CPU
		{77AD6A27-E5FE-466D-BD5D-7E14B8BD8899}.Release|Any CPU.ActiveCfg = Release|Any CPU
		{77AD6A27-E5FE-466D-BD5D-7E14B8BD8899}.Release|Any CPU.Build.0 = Release|Any CPU
	EndGlobalSection
	GlobalSection(SolutionProperties) = preSolution
		HideSolutionNode = FALSE
	EndGlobalSection
	GlobalSection(ExtensibilityGlobals) = postSolution
		SolutionGuid = {25B76DB1-E271-4A6F-B9B3-336A8B82EB2F}
	EndGlobalSection
EndGlobal
